
Microsoft Visual Studio Solution File, Format Version 12.00
# Visual Studio 14
VisualStudioVersion = 14.0.25420.1
MinimumVisualStudioVersion = 10.0.40219.1
Project("{FAE04EC0-301F-11D3-BF4B-00C04F79EFBC}") = "Namesearch", "Namesearch\Namesearch.csproj", "{BA377F7F-7252-4D16-BBF9-5CD1D17B3A14}"
EndProject
Project("{FAE04EC0-301F-11D3-BF4B-00C04F79EFBC}") = "NamesearchUnittest", "NamesearchUnittest\NamesearchUnittest.csproj", "{62922F0F-FCC3-443E-AB16-CB5797C2FF86}"
EndProject
Global
	GlobalSection(SolutionConfigurationPlatforms) = preSolution
		Debug|Any CPU = Debug|Any CPU
		Release|Any CPU = Release|Any CPU
	EndGlobalSection
	GlobalSection(ProjectConfigurationPlatforms) = postSolution
		{BA377F7F-7252-4D16-BBF9-5CD1D17B3A14}.Debug|Any CPU.ActiveCfg = Debug|Any CPU
		{BA377F7F-7252-4D16-BBF9-5CD1D17B3A14}.Debug|Any CPU.Build.0 = Debug|Any CPU
		{BA377F7F-7252-4D16-BBF9-5CD1D17B3A14}.Release|Any CPU.ActiveCfg = Release|Any CPU
		{BA377F7F-7252-4D16-BBF9-5CD1D17B3A14}.Release|Any CPU.Build.0 = Release|Any CPU
		{62922F0F-FCC3-443E-AB16-CB5797C2FF86}.Debug|Any CPU.ActiveCfg = Debug|Any CPU
		{62922F0F-FCC3-443E-AB16-CB5797C2FF86}.Debug|Any CPU.Build.0 = Debug|Any CPU
		{62922F0F-FCC3-443E-AB16-CB5797C2FF86}.Release|Any CPU.ActiveCfg = Release|Any CPU
		{62922F0F-FCC3-443E-AB16-CB5797C2FF86}.Release|Any CPU.Build.0 = Release|Any CPU
	EndGlobalSection
	GlobalSection(SolutionProperties) = preSolution
		HideSolutionNode = FALSE
	EndGlobalSection
EndGlobal
